
Microsoft Visual Studio Solution File, Format Version 12.00
# Visual Studio Version 16
VisualStudioVersion = 16.0.31624.102
MinimumVisualStudioVersion = 10.0.40219.1
Project("{FAE04EC0-301F-11D3-BF4B-00C04F79EFBC}") = "SetFontSizeProperty", "SetFontSizeProperty\SetFontSizeProperty.csproj", "{9382D245-6E16-46D7-B3B8-A51C643C165F}"
EndProject
Project("{FAE04EC0-301F-11D3-BF4B-00C04F79EFBC}") = "SetSpaceProperty", "SetSpaceProperty\SetSpaceProperty.csproj", "{C5DD6BA3-8CBA-46B9-B9EB-83CEBBCE28C9}"
EndProject
Global
	GlobalSection(SolutionConfigurationPlatforms) = preSolution
		Debug|Any CPU = Debug|Any CPU
		Release|Any CPU = Release|Any CPU
	EndGlobalSection
	GlobalSection(ProjectConfigurationPlatforms) = postSolution
		{9382D245-6E16-46D7-B3B8-A51C643C165F}.Debug|Any CPU.ActiveCfg = Debug|Any CPU
		{9382D245-6E16-46D7-B3B8-A51C643C165F}.Debug|Any CPU.Build.0 = Debug|Any CPU
		{9382D245-6E16-46D7-B3B8-A51C643C165F}.Release|Any CPU.ActiveCfg = Release|Any CPU
		{9382D245-6E16-46D7-B3B8-A51C643C165F}.Release|Any CPU.Build.0 = Release|Any CPU
		{C5DD6BA3-8CBA-46B9-B9EB-83CEBBCE28C9}.Debug|Any CPU.ActiveCfg = Debug|Any CPU
		{C5DD6BA3-8CBA-46B9-B9EB-83CEBBCE28C9}.Debug|Any CPU.Build.0 = Debug|Any CPU
		{C5DD6BA3-8CBA-46B9-B9EB-83CEBBCE28C9}.Release|Any CPU.ActiveCfg = Release|Any CPU
		{C5DD6BA3-8CBA-46B9-B9EB-83CEBBCE28C9}.Release|Any CPU.Build.0 = Release|Any CPU
	EndGlobalSection
	GlobalSection(SolutionProperties) = preSolution
		HideSolutionNode = FALSE
	EndGlobalSection
	GlobalSection(ExtensibilityGlobals) = postSolution
		SolutionGuid = {2AB43F58-A7B5-45AE-B333-67C14BDE8783}
	EndGlobalSection
EndGlobal
