
Microsoft Visual Studio Solution File, Format Version 12.00
# Visual Studio Version 16
VisualStudioVersion = 16.0.31624.102
MinimumVisualStudioVersion = 10.0.40219.1
Project("{FAE04EC0-301F-11D3-BF4B-00C04F79EFBC}") = "PaintTheButton", "PaintTheButton\PaintTheButton.csproj", "{89D964C4-7174-4B23-ADCE-72AE0877D1B5}"
EndProject
Project("{FAE04EC0-301F-11D3-BF4B-00C04F79EFBC}") = "PlayJeuDeTacquin", "PlayJeuDeTacquin\PlayJeuDeTacquin.csproj", "{420CB5EF-5B0C-4D2E-A11E-6ABA39F69EFC}"
EndProject
Global
	GlobalSection(SolutionConfigurationPlatforms) = preSolution
		Debug|Any CPU = Debug|Any CPU
		Release|Any CPU = Release|Any CPU
	EndGlobalSection
	GlobalSection(ProjectConfigurationPlatforms) = postSolution
		{89D964C4-7174-4B23-ADCE-72AE0877D1B5}.Debug|Any CPU.ActiveCfg = Debug|Any CPU
		{89D964C4-7174-4B23-ADCE-72AE0877D1B5}.Debug|Any CPU.Build.0 = Debug|Any CPU
		{89D964C4-7174-4B23-ADCE-72AE0877D1B5}.Release|Any CPU.ActiveCfg = Release|Any CPU
		{89D964C4-7174-4B23-ADCE-72AE0877D1B5}.Release|Any CPU.Build.0 = Release|Any CPU
		{420CB5EF-5B0C-4D2E-A11E-6ABA39F69EFC}.Debug|Any CPU.ActiveCfg = Debug|Any CPU
		{420CB5EF-5B0C-4D2E-A11E-6ABA39F69EFC}.Debug|Any CPU.Build.0 = Debug|Any CPU
		{420CB5EF-5B0C-4D2E-A11E-6ABA39F69EFC}.Release|Any CPU.ActiveCfg = Release|Any CPU
		{420CB5EF-5B0C-4D2E-A11E-6ABA39F69EFC}.Release|Any CPU.Build.0 = Release|Any CPU
	EndGlobalSection
	GlobalSection(SolutionProperties) = preSolution
		HideSolutionNode = FALSE
	EndGlobalSection
	GlobalSection(ExtensibilityGlobals) = postSolution
		SolutionGuid = {C0E29902-BADE-4887-A4F4-04D14DBB29B1}
	EndGlobalSection
EndGlobal
