
Microsoft Visual Studio Solution File, Format Version 12.00
# Visual Studio Version 16
VisualStudioVersion = 16.0.31624.102
MinimumVisualStudioVersion = 10.0.40219.1
Project("{FAE04EC0-301F-11D3-BF4B-00C04F79EFBC}") = "ExamineRoutedEvents", "ExamineRoutedEvents\ExamineRoutedEvents.csproj", "{03177C99-CCAB-447A-BE9E-8F73ABB51154}"
EndProject
Project("{FAE04EC0-301F-11D3-BF4B-00C04F79EFBC}") = "DrawCircles", "DrawCircles\DrawCircles.csproj", "{927D07C5-B607-4E8B-A1E0-F73936709F63}"
EndProject
Project("{FAE04EC0-301F-11D3-BF4B-00C04F79EFBC}") = "ExamineKeystrokes", "ExamineKeystrokes\ExamineKeystrokes.csproj", "{376DEAE4-D6BF-496A-8711-26B3AF61CD49}"
EndProject
Global
	GlobalSection(SolutionConfigurationPlatforms) = preSolution
		Debug|Any CPU = Debug|Any CPU
		Release|Any CPU = Release|Any CPU
	EndGlobalSection
	GlobalSection(ProjectConfigurationPlatforms) = postSolution
		{03177C99-CCAB-447A-BE9E-8F73ABB51154}.Debug|Any CPU.ActiveCfg = Debug|Any CPU
		{03177C99-CCAB-447A-BE9E-8F73ABB51154}.Debug|Any CPU.Build.0 = Debug|Any CPU
		{03177C99-CCAB-447A-BE9E-8F73ABB51154}.Release|Any CPU.ActiveCfg = Release|Any CPU
		{03177C99-CCAB-447A-BE9E-8F73ABB51154}.Release|Any CPU.Build.0 = Release|Any CPU
		{927D07C5-B607-4E8B-A1E0-F73936709F63}.Debug|Any CPU.ActiveCfg = Debug|Any CPU
		{927D07C5-B607-4E8B-A1E0-F73936709F63}.Debug|Any CPU.Build.0 = Debug|Any CPU
		{927D07C5-B607-4E8B-A1E0-F73936709F63}.Release|Any CPU.ActiveCfg = Release|Any CPU
		{927D07C5-B607-4E8B-A1E0-F73936709F63}.Release|Any CPU.Build.0 = Release|Any CPU
		{376DEAE4-D6BF-496A-8711-26B3AF61CD49}.Debug|Any CPU.ActiveCfg = Debug|Any CPU
		{376DEAE4-D6BF-496A-8711-26B3AF61CD49}.Debug|Any CPU.Build.0 = Debug|Any CPU
		{376DEAE4-D6BF-496A-8711-26B3AF61CD49}.Release|Any CPU.ActiveCfg = Release|Any CPU
		{376DEAE4-D6BF-496A-8711-26B3AF61CD49}.Release|Any CPU.Build.0 = Release|Any CPU
	EndGlobalSection
	GlobalSection(SolutionProperties) = preSolution
		HideSolutionNode = FALSE
	EndGlobalSection
	GlobalSection(ExtensibilityGlobals) = postSolution
		SolutionGuid = {B5D6BB7E-33AB-4343-A5B6-603D0AC6ECEB}
	EndGlobalSection
EndGlobal
